
Microsoft Visual Studio Solution File, Format Version 12.00
# Visual Studio 14
VisualStudioVersion = 14.0.25420.1
MinimumVisualStudioVersion = 10.0.40219.1
Project("{FAE04EC0-301F-11D3-BF4B-00C04F79EFBC}") = "RockPaperScissorsApi", "RockPaperScissorsApi\RockPaperScissorsApi.csproj", "{5F1E8D9D-568C-47A6-9AED-797E25578729}"
EndProject
Project("{FAE04EC0-301F-11D3-BF4B-00C04F79EFBC}") = "RockPaperScissors", "RockPaperScissors\RockPaperScissors.csproj", "{B13CB6A9-3880-4A43-93B3-FC710E935020}"
EndProject
Global
	GlobalSection(SolutionConfigurationPlatforms) = preSolution
		Debug|Any CPU = Debug|Any CPU
		Release|Any CPU = Release|Any CPU
	EndGlobalSection
	GlobalSection(ProjectConfigurationPlatforms) = postSolution
		{5F1E8D9D-568C-47A6-9AED-797E25578729}.Debug|Any CPU.ActiveCfg = Debug|Any CPU
		{5F1E8D9D-568C-47A6-9AED-797E25578729}.Debug|Any CPU.Build.0 = Debug|Any CPU
		{5F1E8D9D-568C-47A6-9AED-797E25578729}.Release|Any CPU.ActiveCfg = Release|Any CPU
		{5F1E8D9D-568C-47A6-9AED-797E25578729}.Release|Any CPU.Build.0 = Release|Any CPU
		{B13CB6A9-3880-4A43-93B3-FC710E935020}.Debug|Any CPU.ActiveCfg = Debug|Any CPU
		{B13CB6A9-3880-4A43-93B3-FC710E935020}.Debug|Any CPU.Build.0 = Debug|Any CPU
		{B13CB6A9-3880-4A43-93B3-FC710E935020}.Release|Any CPU.ActiveCfg = Release|Any CPU
		{B13CB6A9-3880-4A43-93B3-FC710E935020}.Release|Any CPU.Build.0 = Release|Any CPU
	EndGlobalSection
	GlobalSection(SolutionProperties) = preSolution
		HideSolutionNode = FALSE
	EndGlobalSection
EndGlobal
